{
    "_readme": [
        "This file locks the dependencies of your project to a known state",
        "Read more about it at https://getcomposer.org/doc/01-basic-usage.md#composer-lock-the-lock-file",
        "This file is @generated automatically"
    ],
    "hash": "68c8834fca24f37766236bade5a9a4be",
    "content-hash": "09d0daff6cd0a3db19fca93b573875b1",
    "packages": [
        {
            "name": "soloproyectos-php/array",
            "version": "1.0.0",
            "source": {
                "type": "git",
                "url": "https://github.com/soloproyectos-php/array.git",
                "reference": "611a65d6c7be1cdd09e5570696acc442e7e95f05"
            },
            "dist": {
                "type": "zip",
                "url": "https://api.github.com/repos/soloproyectos-php/array/zipball/611a65d6c7be1cdd09e5570696acc442e7e95f05",
                "reference": "611a65d6c7be1cdd09e5570696acc442e7e95f05",
                "shasum": ""
            },
            "require": {
                "php": ">=5.5.0"
            },
            "type": "php-library",
            "autoload": {
                "psr-4": {
                    "soloproyectos\\": "src/"
                }
            },
            "notification-url": "https://packagist.org/downloads/",
            "license": [
                "The MIT License (MIT)"
            ],
            "authors": [
                {
                    "name": "Gonzalo Chumillas",
                    "email": "gchumillas@email.com"
                }
            ],
            "description": "A library for managing arrays. This library is part of the SoloProyectos PHP API.",
            "time": "2015-10-09 18:55:52"
        },
        {
            "name": "soloproyectos-php/db",
            "version": "1.2.0",
            "source": {
                "type": "git",
                "url": "https://github.com/soloproyectos-php/db.git",
                "reference": "8451a04a97d5dce1ab0a68d7b6b31d8a85e9abff"
            },
            "dist": {
                "type": "zip",
                "url": "https://api.github.com/repos/soloproyectos-php/db/zipball/8451a04a97d5dce1ab0a68d7b6b31d8a85e9abff",
                "reference": "8451a04a97d5dce1ab0a68d7b6b31d8a85e9abff",
                "shasum": ""
            },
            "require": {
                "php": ">=5.5.0",
                "soloproyectos-php/event": "~1.0",
                "soloproyectos-php/text": "~1.0"
            },
            "type": "php-library",
            "autoload": {
                "psr-4": {
                    "soloproyectos\\": "src/"
                }
            },
            "notification-url": "https://packagist.org/downloads/",
            "license": [
                "The MIT License (MIT)"
            ],
            "authors": [
                {
                    "name": "Gonzalo Chumillas",
                    "email": "gchumillas@email.com"
                }
            ],
            "description": "Database library. This library is part of the SoloProyectos PHP API.",
            "time": "2016-04-01 18:07:21"
        },
        {
            "name": "soloproyectos-php/event",
            "version": "1.0.0",
            "source": {
                "type": "git",
                "url": "https://github.com/soloproyectos-php/event.git",
                "reference": "55054d91bc38dc9c2908b6901e943877332eacca"
            },
            "dist": {
                "type": "zip",
                "url": "https://api.github.com/repos/soloproyectos-php/event/zipball/55054d91bc38dc9c2908b6901e943877332eacca",
                "reference": "55054d91bc38dc9c2908b6901e943877332eacca",
                "shasum": ""
            },
            "require": {
                "php": ">=5.5.0"
            },
            "type": "php-library",
            "autoload": {
                "psr-4": {
                    "soloproyectos\\": "src/"
                }
            },
            "notification-url": "https://packagist.org/downloads/",
            "license": [
                "The MIT License (MIT)"
            ],
            "authors": [
                {
                    "name": "Gonzalo Chumillas",
                    "email": "gchumillas@email.com"
                }
            ],
            "description": "A library for managing events. This library is part of the SoloProyectos PHP API.",
            "time": "2015-10-09 19:16:10"
        },
        {
            "name": "soloproyectos-php/http",
            "version": "1.1.0",
            "source": {
                "type": "git",
                "url": "https://github.com/soloproyectos-php/http.git",
                "reference": "ab01178d58db4c9e8a8f62e92a83c455a76dc6f3"
            },
            "dist": {
                "type": "zip",
                "url": "https://api.github.com/repos/soloproyectos-php/http/zipball/ab01178d58db4c9e8a8f62e92a83c455a76dc6f3",
                "reference": "ab01178d58db4c9e8a8f62e92a83c455a76dc6f3",
                "shasum": ""
            },
            "require": {
                "php": ">=5.5.0",
                "soloproyectos-php/array": "~1.0",
                "soloproyectos-php/text": "~1.0"
            },
            "type": "php-library",
            "autoload": {
                "psr-4": {
                    "soloproyectos\\": "src/"
                }
            },
            "notification-url": "https://packagist.org/downloads/",
            "license": [
                "The MIT License (MIT)"
            ],
            "authors": [
                {
                    "name": "Gonzalo Chumillas",
                    "email": "gchumillas@email.com"
                }
            ],
            "description": "A library to interact with the HTTP protocol. This library is part of the SoloProyectos PHP API.",
            "time": "2016-04-01 18:11:29"
        },
        {
            "name": "soloproyectos-php/http-controller",
            "version": "2.1.0",
            "source": {
                "type": "git",
                "url": "https://github.com/soloproyectos-php/http-controller.git",
                "reference": "8caf9384a1e185b26d6e40712302c748d398359c"
            },
            "dist": {
                "type": "zip",
                "url": "https://api.github.com/repos/soloproyectos-php/http-controller/zipball/8caf9384a1e185b26d6e40712302c748d398359c",
                "reference": "8caf9384a1e185b26d6e40712302c748d398359c",
                "shasum": ""
            },
            "require": {
                "php": ">=5.5.0",
                "soloproyectos-php/event": "~1.0",
                "soloproyectos-php/http": "~1.0"
            },
            "type": "php-library",
            "autoload": {
                "psr-4": {
                    "soloproyectos\\": "src/"
                }
            },
            "notification-url": "https://packagist.org/downloads/",
            "license": [
                "The MIT License (MIT)"
            ],
            "authors": [
                {
                    "name": "Gonzalo Chumillas",
                    "email": "gchumillas@email.com"
                }
            ],
            "description": "A simple HTTP Controller. This library is part of the SoloProyectos PHP API.",
            "time": "2017-12-21 18:02:55"
        },
        {
            "name": "soloproyectos-php/http-upload",
            "version": "1.1.0",
            "source": {
                "type": "git",
                "url": "https://github.com/soloproyectos-php/http-upload.git",
                "reference": "0012c892bc892b78c2cace11518e31252547eff8"
            },
            "dist": {
                "type": "zip",
                "url": "https://api.github.com/repos/soloproyectos-php/http-upload/zipball/0012c892bc892b78c2cace11518e31252547eff8",
                "reference": "0012c892bc892b78c2cace11518e31252547eff8",
                "shasum": ""
            },
            "require": {
                "php": ">=5.5.0",
                "soloproyectos-php/array": "~1.0",
                "soloproyectos-php/http": "~1.0",
                "soloproyectos-php/sys-file": "~1.0"
            },
            "type": "php-library",
            "autoload": {
                "psr-4": {
                    "soloproyectos\\": "src/"
                }
            },
            "notification-url": "https://packagist.org/downloads/",
            "license": [
                "The MIT License (MIT)"
            ],
            "authors": [
                {
                    "name": "Gonzalo Chumillas",
                    "email": "gchumillas@email.com"
                }
            ],
            "description": "A library for managing uploaded files. This library is part of the SoloProyectos PHP API.",
            "time": "2016-04-01 18:13:10"
        },
        {
            "name": "soloproyectos-php/sys",
            "version": "1.0.0",
            "source": {
                "type": "git",
                "url": "https://github.com/soloproyectos-php/sys.git",
                "reference": "f88c09f740ebdd6fbba48195658b2564faae3c90"
            },
            "dist": {
                "type": "zip",
                "url": "https://api.github.com/repos/soloproyectos-php/sys/zipball/f88c09f740ebdd6fbba48195658b2564faae3c90",
                "reference": "f88c09f740ebdd6fbba48195658b2564faae3c90",
                "shasum": ""
            },
            "require": {
                "php": ">=5.5.0"
            },
            "type": "php-library",
            "autoload": {
                "psr-4": {
                    "soloproyectos\\": "src/"
                }
            },
            "notification-url": "https://packagist.org/downloads/",
            "license": [
                "The MIT License (MIT)"
            ],
            "authors": [
                {
                    "name": "Gonzalo Chumillas",
                    "email": "gchumillas@email.com"
                }
            ],
            "description": "A library to interact with the OS. This library is part of the SoloProyectos PHP API.",
            "time": "2015-10-09 19:25:19"
        },
        {
            "name": "soloproyectos-php/sys-file",
            "version": "1.1.0",
            "source": {
                "type": "git",
                "url": "https://github.com/soloproyectos-php/sys-file.git",
                "reference": "a921ed29476f80e645bdca99d3a71a40bfd6e170"
            },
            "dist": {
                "type": "zip",
                "url": "https://api.github.com/repos/soloproyectos-php/sys-file/zipball/a921ed29476f80e645bdca99d3a71a40bfd6e170",
                "reference": "a921ed29476f80e645bdca99d3a71a40bfd6e170",
                "shasum": ""
            },
            "require": {
                "php": ">=5.5.0",
                "soloproyectos-php/array": "~1.0",
                "soloproyectos-php/sys": "~1.0",
                "soloproyectos-php/text": "~1.0"
            },
            "type": "php-library",
            "autoload": {
                "psr-4": {
                    "soloproyectos\\": "src/"
                }
            },
            "notification-url": "https://packagist.org/downloads/",
            "license": [
                "The MIT License (MIT)"
            ],
            "authors": [
                {
                    "name": "Gonzalo Chumillas",
                    "email": "gchumillas@email.com"
                }
            ],
            "description": "A library for managing files. This library is part of the SoloProyectos PHP API.",
            "time": "2016-04-01 18:14:57"
        },
        {
            "name": "soloproyectos-php/text",
            "version": "1.0.0",
            "source": {
                "type": "git",
                "url": "https://github.com/soloproyectos-php/text.git",
                "reference": "a51ad4b2b60be8e8fd8e1924512a4f0b56c6c12d"
            },
            "dist": {
                "type": "zip",
                "url": "https://api.github.com/repos/soloproyectos-php/text/zipball/a51ad4b2b60be8e8fd8e1924512a4f0b56c6c12d",
                "reference": "a51ad4b2b60be8e8fd8e1924512a4f0b56c6c12d",
                "shasum": ""
            },
            "require": {
                "php": ">=5.5.0"
            },
            "type": "php-library",
            "autoload": {
                "psr-4": {
                    "soloproyectos\\": "src/"
                }
            },
            "notification-url": "https://packagist.org/downloads/",
            "license": [
                "The MIT License (MIT)"
            ],
            "authors": [
                {
                    "name": "Gonzalo Chumillas",
                    "email": "gchumillas@email.com"
                }
            ],
            "description": "A library for managing texts. This library is part of the SoloProyectos PHP API.",
            "time": "2015-10-09 19:27:02"
        }
    ],
    "packages-dev": [],
    "aliases": [],
    "minimum-stability": "stable",
    "stability-flags": [],
    "prefer-stable": false,
    "prefer-lowest": false,
    "platform": [],
    "platform-dev": []
}
